
Microsoft Visual Studio Solution File, Format Version 12.00
# Visual Studio Version 16
VisualStudioVersion = 16.0.30804.86
MinimumVisualStudioVersion = 10.0.40219.1
Project("{9A19103F-16F7-4668-BE54-9A1E7A4F7556}") = "KVCollection", "KVCollection\KVCollection.csproj", "{EB941A40-744D-43BB-8068-15CAF00BA775}"
EndProject
Project("{9A19103F-16F7-4668-BE54-9A1E7A4F7556}") = "KVExplorer", "KVExplorer\KVExplorer.csproj", "{2F014E09-5D12-4148-A3A0-4279B427CA10}"
EndProject
Project("{2150E333-8FDC-42A3-9474-1A3956D46DE8}") = "Solution Items", "Solution Items", "{0E2E5EC9-39C7-4E64-98AD-18FBBF551718}"
	ProjectSection(SolutionItems) = preProject
		README.md = README.md
		UI.png = UI.png
	EndProjectSection
EndProject
Project("{9A19103F-16F7-4668-BE54-9A1E7A4F7556}") = "Test", "Test\Test.csproj", "{3E5CC6A3-9DC9-4926-9773-7E680F45BB08}"
EndProject
Global
	GlobalSection(SolutionConfigurationPlatforms) = preSolution
		Debug|Any CPU = Debug|Any CPU
		Release|Any CPU = Release|Any CPU
	EndGlobalSection
	GlobalSection(ProjectConfigurationPlatforms) = postSolution
		{EB941A40-744D-43BB-8068-15CAF00BA775}.Debug|Any CPU.ActiveCfg = Debug|Any CPU
		{EB941A40-744D-43BB-8068-15CAF00BA775}.Debug|Any CPU.Build.0 = Debug|Any CPU
		{EB941A40-744D-43BB-8068-15CAF00BA775}.Release|Any CPU.ActiveCfg = Release|Any CPU
		{EB941A40-744D-43BB-8068-15CAF00BA775}.Release|Any CPU.Build.0 = Release|Any CPU
		{2F014E09-5D12-4148-A3A0-4279B427CA10}.Debug|Any CPU.ActiveCfg = Debug|Any CPU
		{2F014E09-5D12-4148-A3A0-4279B427CA10}.Debug|Any CPU.Build.0 = Debug|Any CPU
		{2F014E09-5D12-4148-A3A0-4279B427CA10}.Release|Any CPU.ActiveCfg = Release|Any CPU
		{2F014E09-5D12-4148-A3A0-4279B427CA10}.Release|Any CPU.Build.0 = Release|Any CPU
		{3E5CC6A3-9DC9-4926-9773-7E680F45BB08}.Debug|Any CPU.ActiveCfg = Debug|Any CPU
		{3E5CC6A3-9DC9-4926-9773-7E680F45BB08}.Debug|Any CPU.Build.0 = Debug|Any CPU
		{3E5CC6A3-9DC9-4926-9773-7E680F45BB08}.Release|Any CPU.ActiveCfg = Release|Any CPU
		{3E5CC6A3-9DC9-4926-9773-7E680F45BB08}.Release|Any CPU.Build.0 = Release|Any CPU
	EndGlobalSection
	GlobalSection(SolutionProperties) = preSolution
		HideSolutionNode = FALSE
	EndGlobalSection
	GlobalSection(ExtensibilityGlobals) = postSolution
		SolutionGuid = {69A9FB40-EC81-4A6B-BA0C-1730173AAA63}
	EndGlobalSection
EndGlobal
